// !$*UTF8*$!
{
	archiveVersion = 1;
	classes = {
	};
	objectVersion = 46;
	objects = {

/* Begin PBXBuildFile section */
		D026C0A61BEAED7C00A9952E /* main.m in Sources */ = {isa = PBXBuildFile; fileRef = D026C0A51BEAED7C00A9952E /* main.m */; };
		D026C0A91BEAED7C00A9952E /* AppDelegate.m in Sources */ = {isa = PBXBuildFile; fileRef = D026C0A81BEAED7C00A9952E /* AppDelegate.m */; };
		D026C0AB1BEAED7D00A9952E /* art.scnassets in Resources */ = {isa = PBXBuildFile; fileRef = D026C0AA1BEAED7D00A9952E /* art.scnassets */; };
		D026C0AE1BEAED7D00A9952E /* GameViewController.m in Sources */ = {isa = PBXBuildFile; fileRef = D026C0AD1BEAED7D00A9952E /* GameViewController.m */; };
		D026C0B11BEAED7D00A9952E /* Main.storyboard in Resources */ = {isa = PBXBuildFile; fileRef = D026C0AF1BEAED7D00A9952E /* Main.storyboard */; };
		D026C0B31BEAED7D00A9952E /* Assets.xcassets in Resources */ = {isa = PBXBuildFile; fileRef = D026C0B21BEAED7D00A9952E /* Assets.xcassets */; };
		D026C0B61BEAED7D00A9952E /* LaunchScreen.storyboard in Resources */ = {isa = PBXBuildFile; fileRef = D026C0B41BEAED7D00A9952E /* LaunchScreen.storyboard */; };
/* End PBXBuildFile section */

/* Begin PBXFileReference section */
		D026C0A11BEAED7C00A9952E /* MonkeyPoptart.app */ = {isa = PBXFileReference; explicitFileType = wrapper.application; includeInIndex = 0; path = MonkeyPoptart.app; sourceTree = BUILT_PRODUCTS_DIR; };
		D026C0A51BEAED7C00A9952E /* main.m */ = {isa = PBXFileReference; lastKnownFileType = sourcecode.c.objc; path = main.m; sourceTree = "<group>"; };
		D026C0A71BEAED7C00A9952E /* AppDelegate.h */ = {isa = PBXFileReference; lastKnownFileType = sourcecode.c.h; path = AppDelegate.h; sourceTree = "<group>"; };
		D026C0A81BEAED7C00A9952E /* AppDelegate.m */ = {isa = PBXFileReference; lastKnownFileType = sourcecode.c.objc; path = AppDelegate.m; sourceTree = "<group>"; };
		D026C0AA1BEAED7D00A9952E /* art.scnassets */ = {isa = PBXFileReference; lastKnownFileType = wrapper.scnassets; path = art.scnassets; sourceTree = "<group>"; };
		D026C0AC1BEAED7D00A9952E /* GameViewController.h */ = {isa = PBXFileReference; lastKnownFileType = sourcecode.c.h; path = GameViewController.h; sourceTree = "<group>"; };
		D026C0AD1BEAED7D00A9952E /* GameViewController.m */ = {isa = PBXFileReference; lastKnownFileType = sourcecode.c.objc; path = GameViewController.m; sourceTree = "<group>"; };
		D026C0B01BEAED7D00A9952E /* Base */ = {isa = PBXFileReference; lastKnownFileType = file.storyboard; name = Base; path = Base.lproj/Main.storyboard; sourceTree = "<group>"; };
		D026C0B21BEAED7D00A9952E /* Assets.xcassets */ = {isa = PBXFileReference; lastKnownFileType = folder.assetcatalog; path = Assets.xcassets; sourceTree = "<group>"; };
		D026C0B51BEAED7D00A9952E /* Base */ = {isa = PBXFileReference; lastKnownFileType = file.storyboard; name = Base; path = Base.lproj/LaunchScreen.storyboard; sourceTree = "<group>"; };
		D026C0B71BEAED7D00A9952E /* Info.plist */ = {isa = PBXFileReference; lastKnownFileType = text.plist.xml; path = Info.plist; sourceTree = "<group>"; };
/* End PBXFileReference section */

/* Begin PBXFrameworksBuildPhase section */
		D026C09E1BEAED7C00A9952E /* Frameworks */ = {
			isa = PBXFrameworksBuildPhase;
			buildActionMask = 2147483647;
			files = (
			);
			runOnlyForDeploymentPostprocessing = 0;
		};
/* End PBXFrameworksBuildPhase section */

/* Begin PBXGroup section */
		D026C0981BEAED7C00A9952E = {
			isa = PBXGroup;
			children = (
				D026C0A31BEAED7C00A9952E /* MonkeyPoptart */,
				D026C0A21BEAED7C00A9952E /* Products */,
			);
			sourceTree = "<group>";
		};
		D026C0A21BEAED7C00A9952E /* Products */ = {
			isa = PBXGroup;
			children = (
				D026C0A11BEAED7C00A9952E /* MonkeyPoptart.app */,
			);
			name = Products;
			sourceTree = "<group>";
		};
		D026C0A31BEAED7C00A9952E /* MonkeyPoptart */ = {
			isa = PBXGroup;
			children = (
				D026C0A71BEAED7C00A9952E /* AppDelegate.h */,
				D026C0A81BEAED7C00A9952E /* AppDelegate.m */,
				D026C0AA1BEAED7D00A9952E /* art.scnassets */,
				D026C0AC1BEAED7D00A9952E /* GameViewController.h */,
				D026C0AD1BEAED7D00A9952E /* GameViewController.m */,
				D026C0AF1BEAED7D00A9952E /* Main.storyboard */,
				D026C0B21BEAED7D00A9952E /* Assets.xcassets */,
				D026C0B41BEAED7D00A9952E /* LaunchScreen.storyboard */,
				D026C0B71BEAED7D00A9952E /* Info.plist */,
				D026C0A41BEAED7C00A9952E /* Supporting Files */,
			);
			path = MonkeyPoptart;
			sourceTree = "<group>";
		};
		D026C0A41BEAED7C00A9952E /* Supporting Files */ = {
			isa = PBXGroup;
			children = (
				D026C0A51BEAED7C00A9952E /* main.m */,
			);
			name = "Supporting Files";
			sourceTree = "<group>";
		};
/* End PBXGroup section */

/* Begin PBXNativeTarget section */
		D026C0A01BEAED7C00A9952E /* MonkeyPoptart */ = {
			isa = PBXNativeTarget;
			buildConfigurationList = D026C0BA1BEAED7D00A9952E /* Build configuration list for PBXNativeTarget "MonkeyPoptart" */;
			buildPhases = (
				D026C09D1BEAED7C00A9952E /* Sources */,
				D026C09E1BEAED7C00A9952E /* Frameworks */,
				D026C09F1BEAED7C00A9952E /* Resources */,
			);
			buildRules = (
			);
			dependencies = (
			);
			name = MonkeyPoptart;
			productName = MonkeyPoptart;
			productReference = D026C0A11BEAED7C00A9952E /* MonkeyPoptart.app */;
			productType = "com.apple.product-type.application";
		};
/* End PBXNativeTarget section */

/* Begin PBXProject section */
		D026C0991BEAED7C00A9952E /* Project object */ = {
			isa = PBXProject;
			attributes = {
				LastUpgradeCheck = 0710;
				ORGANIZATIONNAME = "Alex Ramey";
				TargetAttributes = {
					D026C0A01BEAED7C00A9952E = {
						CreatedOnToolsVersion = 7.1;
					};
				};
			};
			buildConfigurationList = D026C09C1BEAED7C00A9952E /* Build configuration list for PBXProject "MonkeyPoptart" */;
			compatibilityVersion = "Xcode 3.2";
			developmentRegion = English;
			hasScannedForEncodings = 0;
			knownRegions = (
				en,
				Base,
			);
			mainGroup = D026C0981BEAED7C00A9952E;
			productRefGroup = D026C0A21BEAED7C00A9952E /* Products */;
			projectDirPath = "";
			projectRoot = "";
			targets = (
				D026C0A01BEAED7C00A9952E /* MonkeyPoptart */,
			);
		};
/* End PBXProject section */

/* Begin PBXResourcesBuildPhase section */
		D026C09F1BEAED7C00A9952E /* Resources */ = {
			isa = PBXResourcesBuildPhase;
			buildActionMask = 2147483647;
			files = (
				D026C0AB1BEAED7D00A9952E /* art.scnassets in Resources */,
				D026C0B61BEAED7D00A9952E /* LaunchScreen.storyboard in Resources */,
				D026C0B31BEAED7D00A9952E /* Assets.xcassets in Resources */,
				D026C0B11BEAED7D00A9952E /* Main.storyboard in Resources */,
			);
			runOnlyForDeploymentPostprocessing = 0;
		};
/* End PBXResourcesBuildPhase section */

/* Begin PBXSourcesBuildPhase section */
		D026C09D1BEAED7C00A9952E /* Sources */ = {
			isa = PBXSourcesBuildPhase;
			buildActionMask = 2147483647;
			files = (
				D026C0A91BEAED7C00A9952E /* AppDelegate.m in Sources */,
				D026C0AE1BEAED7D00A9952E /* GameViewController.m in Sources */,
				D026C0A61BEAED7C00A9952E /* main.m in Sources */,
			);
			runOnlyForDeploymentPostprocessing = 0;
		};
/* End PBXSourcesBuildPhase section */

/* Begin PBXVariantGroup section */
		D026C0AF1BEAED7D00A9952E /* Main.storyboard */ = {
			isa = PBXVariantGroup;
			children = (
				D026C0B01BEAED7D00A9952E /* Base */,
			);
			name = Main.storyboard;
			sourceTree = "<group>";
		};
		D026C0B41BEAED7D00A9952E /* LaunchScreen.storyboard */ = {
			isa = PBXVariantGroup;
			children = (
				D026C0B51BEAED7D00A9952E /* Base */,
			);
			name = LaunchScreen.storyboard;
			sourceTree = "<group>";
		};
/* End PBXVariantGroup section */

/* Begin XCBuildConfiguration section */
		D026C0B81BEAED7D00A9952E /* Debug */ = {
			isa = XCBuildConfiguration;
			buildSettings = {
				ALWAYS_SEARCH_USER_PATHS = NO;
				CLANG_CXX_LANGUAGE_STANDARD = "gnu++0x";
				CLANG_CXX_LIBRARY = "libc++";
				CLANG_ENABLE_MODULES = YES;
				CLANG_ENABLE_OBJC_ARC = YES;
				CLANG_WARN_BOOL_CONVERSION = YES;
				CLANG_WARN_CONSTANT_CONVERSION = YES;
				CLANG_WARN_DIRECT_OBJC_ISA_USAGE = YES_ERROR;
				CLANG_WARN_EMPTY_BODY = YES;
				CLANG_WARN_ENUM_CONVERSION = YES;
				CLANG_WARN_INT_CONVERSION = YES;
				CLANG_WARN_OBJC_ROOT_CLASS = YES_ERROR;
				CLANG_WARN_UNREACHABLE_CODE = YES;
				CLANG_WARN__DUPLICATE_METHOD_MATCH = YES;
				"CODE_SIGN_IDENTITY[sdk=iphoneos*]" = "iPhone Developer";
				COPY_PHASE_STRIP = NO;
				DEBUG_INFORMATION_FORMAT = "dwarf-with-dsym";
				ENABLE_STRICT_OBJC_MSGSEND = YES;
				ENABLE_TESTABILITY = YES;
				GCC_C_LANGUAGE_STANDARD = gnu99;
				GCC_DYNAMIC_NO_PIC = NO;
				GCC_NO_COMMON_BLOCKS = YES;
				GCC_OPTIMIZATION_LEVEL = 0;
				GCC_PREPROCESSOR_DEFINITIONS = (
					"DEBUG=1",
					"$(inherited)",
				);
				GCC_WARN_64_TO_32_BIT_CONVERSION = YES;
				GCC_WARN_ABOUT_RETURN_TYPE = YES_ERROR;
				GCC_WARN_UNDECLARED_SELECTOR = YES;
				GCC_WARN_UNINITIALIZED_AUTOS = YES_AGGRESSIVE;
				GCC_WARN_UNUSED_FUNCTION = YES;
				GCC_WARN_UNUSED_VARIABLE = YES;
				IPHONEOS_DEPLOYMENT_TARGET = 9.1;
				MTL_ENABLE_DEBUG_INFO = YES;
				ONLY_ACTIVE_ARCH = YES;
				SDKROOT = iphoneos;
			};
			name = Debug;
		};
		D026C0B91BEAED7D00A9952E /* Release */ = {
			isa = XCBuildConfiguration;
			buildSettings = {
				ALWAYS_SEARCH_USER_PATHS = NO;
				CLANG_CXX_LANGUAGE_STANDARD = "gnu++0x";
				CLANG_CXX_LIBRARY = "libc++";
				CLANG_ENABLE_MODULES = YES;
				CLANG_ENABLE_OBJC_ARC = YES;
				CLANG_WARN_BOOL_CONVERSION = YES;
				CLANG_WARN_CONSTANT_CONVERSION = YES;
				CLANG_WARN_DIRECT_OBJC_ISA_USAGE = YES_ERROR;
				CLANG_WARN_EMPTY_BODY = YES;
				CLANG_WARN_ENUM_CONVERSION = YES;
				CLANG_WARN_INT_CONVERSION = YES;
				CLANG_WARN_OBJC_ROOT_CLASS = YES_ERROR;
				CLANG_WARN_UNREACHABLE_CODE = YES;
				CLANG_WARN__DUPLICATE_METHOD_MATCH = YES;
				"CODE_SIGN_IDENTITY[sdk=iphoneos*]" = "iPhone Developer";
				COPY_PHASE_STRIP = NO;
				DEBUG_INFORMATION_FORMAT = "dwarf-with-dsym";
				ENABLE_NS_ASSERTIONS = NO;
				ENABLE_STRICT_OBJC_MSGSEND = YES;
				GCC_C_LANGUAGE_STANDARD = gnu99;
				GCC_NO_COMMON_BLOCKS = YES;
				GCC_WARN_64_TO_32_BIT_CONVERSION = YES;
				GCC_WARN_ABOUT_RETURN_TYPE = YES_ERROR;
				GCC_WARN_UNDECLARED_SELECTOR = YES;
				GCC_WARN_UNINITIALIZED_AUTOS = YES_AGGRESSIVE;
				GCC_WARN_UNUSED_FUNCTION = YES;
				GCC_WARN_UNUSED_VARIABLE = YES;
				IPHONEOS_DEPLOYMENT_TARGET = 9.1;
				MTL_ENABLE_DEBUG_INFO = NO;
				SDKROOT = iphoneos;
				VALIDATE_PRODUCT = YES;
			};
			name = Release;
		};
		D026C0BB1BEAED7D00A9952E /* Debug */ = {
			isa = XCBuildConfiguration;
			buildSettings = {
				ASSETCATALOG_COMPILER_APPICON_NAME = AppIcon;
				INFOPLIST_FILE = MonkeyPoptart/Info.plist;
				LD_RUNPATH_SEARCH_PATHS = "$(inherited) @executable_path/Frameworks";
				PRODUCT_BUNDLE_IDENTIFIER = com.hooapps.alexramey.fall2015.MonkeyPoptart;
				PRODUCT_NAME = "$(TARGET_NAME)";
			};
			name = Debug;
		};
		D026C0BC1BEAED7D00A9952E /* Release */ = {
			isa = XCBuildConfiguration;
			buildSettings = {
				ASSETCATALOG_COMPILER_APPICON_NAME = AppIcon;
				INFOPLIST_FILE = MonkeyPoptart/Info.plist;
				LD_RUNPATH_SEARCH_PATHS = "$(inherited) @executable_path/Frameworks";
				PRODUCT_BUNDLE_IDENTIFIER = com.hooapps.alexramey.fall2015.MonkeyPoptart;
				PRODUCT_NAME = "$(TARGET_NAME)";
			};
			name = Release;
		};
/* End XCBuildConfiguration section */

/* Begin XCConfigurationList section */
		D026C09C1BEAED7C00A9952E /* Build configuration list for PBXProject "MonkeyPoptart" */ = {
			isa = XCConfigurationList;
			buildConfigurations = (
				D026C0B81BEAED7D00A9952E /* Debug */,
				D026C0B91BEAED7D00A9952E /* Release */,
			);
			defaultConfigurationIsVisible = 0;
			defaultConfigurationName = Release;
		};
		D026C0BA1BEAED7D00A9952E /* Build configuration list for PBXNativeTarget "MonkeyPoptart" */ = {
			isa = XCConfigurationList;
			buildConfigurations = (
				D026C0BB1BEAED7D00A9952E /* Debug */,
				D026C0BC1BEAED7D00A9952E /* Release */,
			);
			defaultConfigurationIsVisible = 0;
		};
/* End XCConfigurationList section */
	};
	rootObject = D026C0991BEAED7C00A9952E /* Project object */;
}
